
Microsoft Visual Studio Solution File, Format Version 12.00
# Visual Studio Version 16
VisualStudioVersion = 16.0.29102.190
MinimumVisualStudioVersion = 10.0.40219.1
Project("{FAE04EC0-301F-11D3-BF4B-00C04F79EFBC}") = "Bowling", "Bowling\Bowling.csproj", "{8360EBFE-A7F4-4667-BE66-4C7D74700E46}"
EndProject
Project("{FAE04EC0-301F-11D3-BF4B-00C04F79EFBC}") = "Bowling.Logic", "Bowling.Logic\Bowling.Logic.csproj", "{4CAD5515-0B51-4865-850D-C8E58E61FB1F}"
EndProject
Project("{FAE04EC0-301F-11D3-BF4B-00C04F79EFBC}") = "Bowling.Logic.Tests", "Bowling.Logic.Tests\Bowling.Logic.Tests.csproj", "{1F3ABC7A-BDE2-4D4F-9B56-8D65102783B7}"
EndProject
Global
	GlobalSection(SolutionConfigurationPlatforms) = preSolution
		Debug|Any CPU = Debug|Any CPU
		Release|Any CPU = Release|Any CPU
	EndGlobalSection
	GlobalSection(ProjectConfigurationPlatforms) = postSolution
		{8360EBFE-A7F4-4667-BE66-4C7D74700E46}.Debug|Any CPU.ActiveCfg = Debug|Any CPU
		{8360EBFE-A7F4-4667-BE66-4C7D74700E46}.Debug|Any CPU.Build.0 = Debug|Any CPU
		{8360EBFE-A7F4-4667-BE66-4C7D74700E46}.Release|Any CPU.ActiveCfg = Release|Any CPU
		{8360EBFE-A7F4-4667-BE66-4C7D74700E46}.Release|Any CPU.Build.0 = Release|Any CPU
		{4CAD5515-0B51-4865-850D-C8E58E61FB1F}.Debug|Any CPU.ActiveCfg = Debug|Any CPU
		{4CAD5515-0B51-4865-850D-C8E58E61FB1F}.Debug|Any CPU.Build.0 = Debug|Any CPU
		{4CAD5515-0B51-4865-850D-C8E58E61FB1F}.Release|Any CPU.ActiveCfg = Release|Any CPU
		{4CAD5515-0B51-4865-850D-C8E58E61FB1F}.Release|Any CPU.Build.0 = Release|Any CPU
		{1F3ABC7A-BDE2-4D4F-9B56-8D65102783B7}.Debug|Any CPU.ActiveCfg = Debug|Any CPU
		{1F3ABC7A-BDE2-4D4F-9B56-8D65102783B7}.Debug|Any CPU.Build.0 = Debug|Any CPU
		{1F3ABC7A-BDE2-4D4F-9B56-8D65102783B7}.Release|Any CPU.ActiveCfg = Release|Any CPU
		{1F3ABC7A-BDE2-4D4F-9B56-8D65102783B7}.Release|Any CPU.Build.0 = Release|Any CPU
	EndGlobalSection
	GlobalSection(SolutionProperties) = preSolution
		HideSolutionNode = FALSE
	EndGlobalSection
	GlobalSection(ExtensibilityGlobals) = postSolution
		SolutionGuid = {A2A02158-8DE1-4214-8FB7-C5A7AE704CB2}
	EndGlobalSection
EndGlobal
